<Solution>
  <Folder Name="/src/">
    <Project Path="src/SysPulse.Core/SysPulse.Core.csproj" />
    <Project Path="src/SysPulse.Data/SysPulse.Data.csproj" />
    <Project Path="src/SysPulse.Desktop/SysPulse.Desktop.csproj" />
  </Folder>
  <Folder Name="/tests/">
    <Project Path="tests/SysPulse.Tests/SysPulse.Tests.csproj" />
  </Folder>
</Solution>
